
Microsoft Visual Studio Solution File, Format Version 12.00
# Visual Studio 2012
Project("{2150E333-8FDC-42A3-9474-1A3956D46DE8}") = "Solution Items", "Solution Items", "{53A0B900-717A-409D-91CA-17DAA78B4E33}"
	ProjectSection(SolutionItems) = preProject
		\\SPIN-IIS\ng\rwd3service\default.asp = \\SPIN-IIS\ng\rwd3service\default.asp
		..\bootstrapassets\css\glide.css = ..\bootstrapassets\css\glide.css
		..\index.html = ..\index.html
		..\index.js = ..\index.js
		\\SPIN-IIS\ng\rwd3\kpi.html = \\SPIN-IIS\ng\rwd3\kpi.html
		\\SPIN-IIS\ng\rwd3\kpi.js = \\SPIN-IIS\ng\rwd3\kpi.js
		..\partneriglide.html = ..\partneriglide.html
		..\partneriglide.js = ..\partneriglide.js
		..\partnerizurbglide.html = ..\partnerizurbglide.html
		..\partnerizurbglide.js = ..\partnerizurbglide.js
		..\pregledrobepotrgovinama.css = ..\pregledrobepotrgovinama.css
		..\pregledrobepotrgovinama.htm = ..\pregledrobepotrgovinama.htm
		..\pregledrobepotrgovinama.js = ..\pregledrobepotrgovinama.js
		..\pregledrobepotrgovinamaglide.html = ..\pregledrobepotrgovinamaglide.html
		..\pregledrobepotrgovinamaglide.js = ..\pregledrobepotrgovinamaglide.js
	EndProjectSection
EndProject
Global
	GlobalSection(SolutionProperties) = preSolution
		HideSolutionNode = FALSE
	EndGlobalSection
EndGlobal
